// !$*UTF8*$!
{
	archiveVersion = 1;
	classes = {
	};
	objectVersion = 46;
	objects = {

/* Begin PBXBuildFile section */
		1F99A3061B1CBBB30092DF42 /* Security.framework in Frameworks */ = {isa = PBXBuildFile; fileRef = 1F99A3041B1CBB9C0092DF42 /* Security.framework */; };
		4cd3e33c4d6db882c162dda5 /* CoreGraphics.framework in Frameworks */ = {isa = PBXBuildFile; fileRef = 55F716C0143200FC00A82FC5 /* CoreGraphics.framework */; };
		4ce02c505a68dea5b7a08d20 /* calabash.framework in Frameworks */ = {isa = PBXBuildFile; fileRef = 11648051c03f502d127cf276 /* calabash.framework */; };
		4daed2f76d37cfd3173d5747 /* UIKit.framework in Frameworks */ = {isa = PBXBuildFile; fileRef = 55F716BC143200FC00A82FC5 /* UIKit.framework */; };
		551da8bcb73b3327d1671dee /* main.m in Sources */ = {isa = PBXBuildFile; fileRef = 55F716C8143200FC00A82FC5 /* main.m */; };
		55F716BD143200FC00A82FC5 /* UIKit.framework in Frameworks */ = {isa = PBXBuildFile; fileRef = 55F716BC143200FC00A82FC5 /* UIKit.framework */; };
		55F716BF143200FC00A82FC5 /* Foundation.framework in Frameworks */ = {isa = PBXBuildFile; fileRef = 55F716BE143200FC00A82FC5 /* Foundation.framework */; };
		55F716C1143200FC00A82FC5 /* CoreGraphics.framework in Frameworks */ = {isa = PBXBuildFile; fileRef = 55F716C0143200FC00A82FC5 /* CoreGraphics.framework */; };
		55F716C7143200FC00A82FC5 /* InfoPlist.strings in Resources */ = {isa = PBXBuildFile; fileRef = 55F716C5143200FC00A82FC5 /* InfoPlist.strings */; };
		55F716C9143200FC00A82FC5 /* main.m in Sources */ = {isa = PBXBuildFile; fileRef = 55F716C8143200FC00A82FC5 /* main.m */; };
		55F716CD143200FC00A82FC5 /* AppDelegate.m in Sources */ = {isa = PBXBuildFile; fileRef = 55F716CC143200FC00A82FC5 /* AppDelegate.m */; };
		55F716D0143200FC00A82FC5 /* CalculatorViewController.m in Sources */ = {isa = PBXBuildFile; fileRef = 55F716CF143200FC00A82FC5 /* CalculatorViewController.m */; };
		70b18b6fc672779f3633e929 /* CalculatorViewController.m in Sources */ = {isa = PBXBuildFile; fileRef = 55F716CF143200FC00A82FC5 /* CalculatorViewController.m */; };
		72ae6f9af219f88d6728003a /* CFNetwork.framework in Frameworks */ = {isa = PBXBuildFile; fileRef = 767f58cb0716c249c2270c6c /* CFNetwork.framework */; };
		FA6C652E1949F2AB000C486E /* calculate.feature in Resources */ = {isa = PBXBuildFile; fileRef = FA6C65261949F2AB000C486E /* calculate.feature */; };
		FA6C652F1949F2AB000C486E /* calabash_steps.rb in Resources */ = {isa = PBXBuildFile; fileRef = FA6C65281949F2AB000C486E /* calabash_steps.rb */; };
		FA6C65301949F2AB000C486E /* calculate_steps.rb in Resources */ = {isa = PBXBuildFile; fileRef = FA6C65291949F2AB000C486E /* calculate_steps.rb */; };
		FA6C65311949F2AB000C486E /* 01_launch.rb in Resources */ = {isa = PBXBuildFile; fileRef = FA6C652B1949F2AB000C486E /* 01_launch.rb */; };
		FA6C65321949F2AB000C486E /* 02_pre_stop_hooks.rb in Resources */ = {isa = PBXBuildFile; fileRef = FA6C652C1949F2AB000C486E /* 02_pre_stop_hooks.rb */; };
		FA6C65331949F2AB000C486E /* env.rb in Resources */ = {isa = PBXBuildFile; fileRef = FA6C652D1949F2AB000C486E /* env.rb */; };
		af420e327f81756b2f55ac29 /* Foundation.framework in Frameworks */ = {isa = PBXBuildFile; fileRef = 55F716BE143200FC00A82FC5 /* Foundation.framework */; };
		e4abe24477daf667db327117 /* InfoPlist.strings in Resources */ = {isa = PBXBuildFile; fileRef = 55F716C5143200FC00A82FC5 /* InfoPlist.strings */; };
		fd22bff02daf4de7db456d6a /* AppDelegate.m in Sources */ = {isa = PBXBuildFile; fileRef = 55F716CC143200FC00A82FC5 /* AppDelegate.m */; };
/* End PBXBuildFile section */

/* Begin PBXFileReference section */
		11648051c03f502d127cf276 /* calabash.framework */ = {isa = PBXFileReference; fileEncoding = 4; lastKnownFileType = wrapper.framework; path = calabash.framework; sourceTree = "<group>"; };
		1F99A3041B1CBB9C0092DF42 /* Security.framework */ = {isa = PBXFileReference; lastKnownFileType = wrapper.framework; name = Security.framework; path = System/Library/Frameworks/Security.framework; sourceTree = SDKROOT; };
		55F716B8143200FC00A82FC5 /* iPhoneCalculator.app */ = {isa = PBXFileReference; explicitFileType = wrapper.application; includeInIndex = 0; path = iPhoneCalculator.app; sourceTree = BUILT_PRODUCTS_DIR; };
		55F716BC143200FC00A82FC5 /* UIKit.framework */ = {isa = PBXFileReference; lastKnownFileType = wrapper.framework; name = UIKit.framework; path = System/Library/Frameworks/UIKit.framework; sourceTree = SDKROOT; };
		55F716BE143200FC00A82FC5 /* Foundation.framework */ = {isa = PBXFileReference; lastKnownFileType = wrapper.framework; name = Foundation.framework; path = System/Library/Frameworks/Foundation.framework; sourceTree = SDKROOT; };
		55F716C0143200FC00A82FC5 /* CoreGraphics.framework */ = {isa = PBXFileReference; lastKnownFileType = wrapper.framework; name = CoreGraphics.framework; path = System/Library/Frameworks/CoreGraphics.framework; sourceTree = SDKROOT; };
		55F716C4143200FC00A82FC5 /* iPhoneCalculator-Info.plist */ = {isa = PBXFileReference; lastKnownFileType = text.plist.xml; path = "iPhoneCalculator-Info.plist"; sourceTree = "<group>"; };
		55F716C6143200FC00A82FC5 /* en */ = {isa = PBXFileReference; lastKnownFileType = text.plist.strings; name = en; path = en.lproj/InfoPlist.strings; sourceTree = "<group>"; };
		55F716C8143200FC00A82FC5 /* main.m */ = {isa = PBXFileReference; lastKnownFileType = sourcecode.c.objc; path = main.m; sourceTree = "<group>"; };
		55F716CA143200FC00A82FC5 /* iPhoneCalculator-Prefix.pch */ = {isa = PBXFileReference; lastKnownFileType = sourcecode.c.h; path = "iPhoneCalculator-Prefix.pch"; sourceTree = "<group>"; };
		55F716CB143200FC00A82FC5 /* AppDelegate.h */ = {isa = PBXFileReference; lastKnownFileType = sourcecode.c.h; path = AppDelegate.h; sourceTree = "<group>"; };
		55F716CC143200FC00A82FC5 /* AppDelegate.m */ = {isa = PBXFileReference; lastKnownFileType = sourcecode.c.objc; path = AppDelegate.m; sourceTree = "<group>"; };
		55F716CE143200FC00A82FC5 /* CalculatorViewController.h */ = {isa = PBXFileReference; lastKnownFileType = sourcecode.c.h; path = CalculatorViewController.h; sourceTree = "<group>"; };
		55F716CF143200FC00A82FC5 /* CalculatorViewController.m */ = {isa = PBXFileReference; lastKnownFileType = sourcecode.c.objc; path = CalculatorViewController.m; sourceTree = "<group>"; };
		55F716D9143205EC00A82FC5 /* Settings.h */ = {isa = PBXFileReference; fileEncoding = 4; lastKnownFileType = sourcecode.c.h; path = Settings.h; sourceTree = "<group>"; };
		767f58cb0716c249c2270c6c /* CFNetwork.framework */ = {isa = PBXFileReference; fileEncoding = 4; lastKnownFileType = wrapper.framework; name = CFNetwork.framework; path = System/Library/Frameworks/CFNetwork.framework; sourceTree = SDKROOT; };
		FA6C65241949F1AB000C486E /* iPhoneCalculator-cal.app */ = {isa = PBXFileReference; explicitFileType = wrapper.application; includeInIndex = 0; path = "iPhoneCalculator-cal.app"; sourceTree = BUILT_PRODUCTS_DIR; };
		FA6C65261949F2AB000C486E /* calculate.feature */ = {isa = PBXFileReference; fileEncoding = 4; lastKnownFileType = text; path = calculate.feature; sourceTree = "<group>"; };
		FA6C65281949F2AB000C486E /* calabash_steps.rb */ = {isa = PBXFileReference; fileEncoding = 4; lastKnownFileType = text.script.ruby; path = calabash_steps.rb; sourceTree = "<group>"; };
		FA6C65291949F2AB000C486E /* calculate_steps.rb */ = {isa = PBXFileReference; fileEncoding = 4; lastKnownFileType = text.script.ruby; path = calculate_steps.rb; sourceTree = "<group>"; };
		FA6C652B1949F2AB000C486E /* 01_launch.rb */ = {isa = PBXFileReference; fileEncoding = 4; lastKnownFileType = text.script.ruby; path = 01_launch.rb; sourceTree = "<group>"; };
		FA6C652C1949F2AB000C486E /* 02_pre_stop_hooks.rb */ = {isa = PBXFileReference; fileEncoding = 4; lastKnownFileType = text.script.ruby; path = 02_pre_stop_hooks.rb; sourceTree = "<group>"; };
		FA6C652D1949F2AB000C486E /* env.rb */ = {isa = PBXFileReference; fileEncoding = 4; lastKnownFileType = text.script.ruby; path = env.rb; sourceTree = "<group>"; };
/* End PBXFileReference section */

/* Begin PBXFrameworksBuildPhase section */
		55F716B5143200FC00A82FC5 /* Frameworks */ = {
			isa = PBXFrameworksBuildPhase;
			buildActionMask = 2147483647;
			files = (
				55F716BD143200FC00A82FC5 /* UIKit.framework in Frameworks */,
				55F716BF143200FC00A82FC5 /* Foundation.framework in Frameworks */,
				55F716C1143200FC00A82FC5 /* CoreGraphics.framework in Frameworks */,
			);
			runOnlyForDeploymentPostprocessing = 0;
		};
		cd463443477ab58b6bf4cbda /* Frameworks */ = {
			isa = PBXFrameworksBuildPhase;
			buildActionMask = 2147483647;
			files = (
				1F99A3061B1CBBB30092DF42 /* Security.framework in Frameworks */,
				4daed2f76d37cfd3173d5747 /* UIKit.framework in Frameworks */,
				af420e327f81756b2f55ac29 /* Foundation.framework in Frameworks */,
				4cd3e33c4d6db882c162dda5 /* CoreGraphics.framework in Frameworks */,
				72ae6f9af219f88d6728003a /* CFNetwork.framework in Frameworks */,
				4ce02c505a68dea5b7a08d20 /* calabash.framework in Frameworks */,
			);
			runOnlyForDeploymentPostprocessing = 0;
		};
/* End PBXFrameworksBuildPhase section */

/* Begin PBXGroup section */
		55F716AD143200FC00A82FC5 = {
			isa = PBXGroup;
			children = (
				55F716C2143200FC00A82FC5 /* iPhoneCalculator */,
				FA6C65251949F2AB000C486E /* features */,
				55F716BB143200FC00A82FC5 /* Frameworks */,
				55F716B9143200FC00A82FC5 /* Products */,
			);
			sourceTree = "<group>";
		};
		55F716B9143200FC00A82FC5 /* Products */ = {
			isa = PBXGroup;
			children = (
				55F716B8143200FC00A82FC5 /* iPhoneCalculator.app */,
				FA6C65241949F1AB000C486E /* iPhoneCalculator-cal.app */,
			);
			name = Products;
			sourceTree = "<group>";
		};
		55F716BB143200FC00A82FC5 /* Frameworks */ = {
			isa = PBXGroup;
			children = (
				1F99A3041B1CBB9C0092DF42 /* Security.framework */,
				55F716BC143200FC00A82FC5 /* UIKit.framework */,
				55F716BE143200FC00A82FC5 /* Foundation.framework */,
				55F716C0143200FC00A82FC5 /* CoreGraphics.framework */,
				767f58cb0716c249c2270c6c /* CFNetwork.framework */,
				11648051c03f502d127cf276 /* calabash.framework */,
			);
			name = Frameworks;
			sourceTree = "<group>";
		};
		55F716C2143200FC00A82FC5 /* iPhoneCalculator */ = {
			isa = PBXGroup;
			children = (
				55F716CB143200FC00A82FC5 /* AppDelegate.h */,
				55F716CC143200FC00A82FC5 /* AppDelegate.m */,
				55F716CE143200FC00A82FC5 /* CalculatorViewController.h */,
				55F716CF143200FC00A82FC5 /* CalculatorViewController.m */,
				55F716C3143200FC00A82FC5 /* Supporting Files */,
				55F716D9143205EC00A82FC5 /* Settings.h */,
			);
			path = iPhoneCalculator;
			sourceTree = "<group>";
		};
		55F716C3143200FC00A82FC5 /* Supporting Files */ = {
			isa = PBXGroup;
			children = (
				55F716C4143200FC00A82FC5 /* iPhoneCalculator-Info.plist */,
				55F716C5143200FC00A82FC5 /* InfoPlist.strings */,
				55F716C8143200FC00A82FC5 /* main.m */,
				55F716CA143200FC00A82FC5 /* iPhoneCalculator-Prefix.pch */,
			);
			name = "Supporting Files";
			sourceTree = "<group>";
		};
		FA6C65251949F2AB000C486E /* features */ = {
			isa = PBXGroup;
			children = (
				FA6C65261949F2AB000C486E /* calculate.feature */,
				FA6C65271949F2AB000C486E /* step_definitions */,
				FA6C652A1949F2AB000C486E /* support */,
			);
			path = features;
			sourceTree = "<group>";
		};
		FA6C65271949F2AB000C486E /* step_definitions */ = {
			isa = PBXGroup;
			children = (
				FA6C65281949F2AB000C486E /* calabash_steps.rb */,
				FA6C65291949F2AB000C486E /* calculate_steps.rb */,
			);
			path = step_definitions;
			sourceTree = "<group>";
		};
		FA6C652A1949F2AB000C486E /* support */ = {
			isa = PBXGroup;
			children = (
				FA6C652B1949F2AB000C486E /* 01_launch.rb */,
				FA6C652C1949F2AB000C486E /* 02_pre_stop_hooks.rb */,
				FA6C652D1949F2AB000C486E /* env.rb */,
			);
			path = support;
			sourceTree = "<group>";
		};
/* End PBXGroup section */

/* Begin PBXNativeTarget section */
		55F716B7143200FC00A82FC5 /* iPhoneCalculator */ = {
			isa = PBXNativeTarget;
			buildConfigurationList = 55F716D6143200FC00A82FC5 /* Build configuration list for PBXNativeTarget "iPhoneCalculator" */;
			buildPhases = (
				55F716B4143200FC00A82FC5 /* Sources */,
				55F716B5143200FC00A82FC5 /* Frameworks */,
				55F716B6143200FC00A82FC5 /* Resources */,
			);
			buildRules = (
			);
			dependencies = (
			);
			name = iPhoneCalculator;
			productName = iPhoneCalculator;
			productReference = 55F716B8143200FC00A82FC5 /* iPhoneCalculator.app */;
			productType = "com.apple.product-type.application";
		};
		8bc2f474ded320ea7cc7a1bd /* iPhoneCalculator-cal */ = {
			isa = PBXNativeTarget;
			buildConfigurationList = 3a6582c32e6375afa9a99578 /* Build configuration list for PBXNativeTarget "iPhoneCalculator-cal" */;
			buildPhases = (
				8f427d126b0caa1ae7cabfe5 /* Sources */,
				cd463443477ab58b6bf4cbda /* Frameworks */,
				532f4e7f03673415f28fe5ef /* Resources */,
			);
			buildRules = (
			);
			dependencies = (
			);
			name = "iPhoneCalculator-cal";
			productName = "iPhoneCalculator-cal";
			productReference = FA6C65241949F1AB000C486E /* iPhoneCalculator-cal.app */;
			productType = "com.apple.product-type.application";
		};
/* End PBXNativeTarget section */

/* Begin PBXProject section */
		55F716AF143200FC00A82FC5 /* Project object */ = {
			isa = PBXProject;
			attributes = {
				LastUpgradeCheck = 0420;
				ORGANIZATIONNAME = Fructivity;
			};
			buildConfigurationList = 55F716B2143200FC00A82FC5 /* Build configuration list for PBXProject "iPhoneCalculator" */;
			compatibilityVersion = "Xcode 3.2";
			developmentRegion = English;
			hasScannedForEncodings = 0;
			knownRegions = (
				en,
			);
			mainGroup = 55F716AD143200FC00A82FC5;
			productRefGroup = 55F716B9143200FC00A82FC5 /* Products */;
			projectDirPath = "";
			projectRoot = "";
			targets = (
				55F716B7143200FC00A82FC5 /* iPhoneCalculator */,
				8bc2f474ded320ea7cc7a1bd /* iPhoneCalculator-cal */,
			);
		};
/* End PBXProject section */

/* Begin PBXResourcesBuildPhase section */
		532f4e7f03673415f28fe5ef /* Resources */ = {
			isa = PBXResourcesBuildPhase;
			buildActionMask = 2147483647;
			files = (
				e4abe24477daf667db327117 /* InfoPlist.strings in Resources */,
			);
			runOnlyForDeploymentPostprocessing = 0;
		};
		55F716B6143200FC00A82FC5 /* Resources */ = {
			isa = PBXResourcesBuildPhase;
			buildActionMask = 2147483647;
			files = (
				FA6C65321949F2AB000C486E /* 02_pre_stop_hooks.rb in Resources */,
				FA6C65311949F2AB000C486E /* 01_launch.rb in Resources */,
				FA6C652F1949F2AB000C486E /* calabash_steps.rb in Resources */,
				FA6C65331949F2AB000C486E /* env.rb in Resources */,
				55F716C7143200FC00A82FC5 /* InfoPlist.strings in Resources */,
				FA6C65301949F2AB000C486E /* calculate_steps.rb in Resources */,
				FA6C652E1949F2AB000C486E /* calculate.feature in Resources */,
			);
			runOnlyForDeploymentPostprocessing = 0;
		};
/* End PBXResourcesBuildPhase section */

/* Begin PBXSourcesBuildPhase section */
		55F716B4143200FC00A82FC5 /* Sources */ = {
			isa = PBXSourcesBuildPhase;
			buildActionMask = 2147483647;
			files = (
				55F716C9143200FC00A82FC5 /* main.m in Sources */,
				55F716CD143200FC00A82FC5 /* AppDelegate.m in Sources */,
				55F716D0143200FC00A82FC5 /* CalculatorViewController.m in Sources */,
			);
			runOnlyForDeploymentPostprocessing = 0;
		};
		8f427d126b0caa1ae7cabfe5 /* Sources */ = {
			isa = PBXSourcesBuildPhase;
			buildActionMask = 2147483647;
			files = (
				551da8bcb73b3327d1671dee /* main.m in Sources */,
				fd22bff02daf4de7db456d6a /* AppDelegate.m in Sources */,
				70b18b6fc672779f3633e929 /* CalculatorViewController.m in Sources */,
			);
			runOnlyForDeploymentPostprocessing = 0;
		};
/* End PBXSourcesBuildPhase section */

/* Begin PBXVariantGroup section */
		55F716C5143200FC00A82FC5 /* InfoPlist.strings */ = {
			isa = PBXVariantGroup;
			children = (
				55F716C6143200FC00A82FC5 /* en */,
			);
			name = InfoPlist.strings;
			sourceTree = "<group>";
		};
/* End PBXVariantGroup section */

/* Begin XCBuildConfiguration section */
		1e68851782ecd42105bf96b5 /* Release */ = {
			isa = XCBuildConfiguration;
			buildSettings = {
				FRAMEWORK_SEARCH_PATHS = (
					"$(inherited)",
					"\"$(SRCROOT)\"",
				);
				GCC_PRECOMPILE_PREFIX_HEADER = YES;
				GCC_PREFIX_HEADER = "iPhoneCalculator/iPhoneCalculator-Prefix.pch";
				INFOPLIST_FILE = "iPhoneCalculator/iPhoneCalculator-Info.plist";
				OTHER_LDFLAGS = (
					"$(inherited)",
					"-force_load",
					"\"$(SRCROOT)/calabash.framework/calabash\"",
					"-lstdc++",
				);
				PRODUCT_NAME = "$(TARGET_NAME)";
				WRAPPER_EXTENSION = app;
			};
			name = Release;
		};
		55F716D4143200FC00A82FC5 /* Debug */ = {
			isa = XCBuildConfiguration;
			buildSettings = {
				ALWAYS_SEARCH_USER_PATHS = NO;
				ARCHS = "$(ARCHS_STANDARD_32_BIT)";
				CLANG_ENABLE_OBJC_ARC = YES;
				"CODE_SIGN_IDENTITY[sdk=iphoneos*]" = "iPhone Developer";
				COPY_PHASE_STRIP = NO;
				GCC_C_LANGUAGE_STANDARD = gnu99;
				GCC_DYNAMIC_NO_PIC = NO;
				GCC_OPTIMIZATION_LEVEL = 0;
				GCC_PREPROCESSOR_DEFINITIONS = (
					"DEBUG=1",
					"$(inherited)",
				);
				GCC_SYMBOLS_PRIVATE_EXTERN = NO;
				GCC_VERSION = com.apple.compilers.llvm.clang.1_0;
				GCC_WARN_ABOUT_MISSING_PROTOTYPES = YES;
				GCC_WARN_ABOUT_RETURN_TYPE = YES;
				GCC_WARN_UNUSED_VARIABLE = YES;
				IPHONEOS_DEPLOYMENT_TARGET = 5.0;
				SDKROOT = iphoneos;
			};
			name = Debug;
		};
		55F716D5143200FC00A82FC5 /* Release */ = {
			isa = XCBuildConfiguration;
			buildSettings = {
				ALWAYS_SEARCH_USER_PATHS = NO;
				ARCHS = "$(ARCHS_STANDARD_32_BIT)";
				CLANG_ENABLE_OBJC_ARC = YES;
				"CODE_SIGN_IDENTITY[sdk=iphoneos*]" = "iPhone Developer";
				COPY_PHASE_STRIP = YES;
				GCC_C_LANGUAGE_STANDARD = gnu99;
				GCC_VERSION = com.apple.compilers.llvm.clang.1_0;
				GCC_WARN_ABOUT_MISSING_PROTOTYPES = YES;
				GCC_WARN_ABOUT_RETURN_TYPE = YES;
				GCC_WARN_UNUSED_VARIABLE = YES;
				IPHONEOS_DEPLOYMENT_TARGET = 5.0;
				OTHER_CFLAGS = "-DNS_BLOCK_ASSERTIONS=1";
				SDKROOT = iphoneos;
				VALIDATE_PRODUCT = YES;
			};
			name = Release;
		};
		55F716D7143200FC00A82FC5 /* Debug */ = {
			isa = XCBuildConfiguration;
			buildSettings = {
				GCC_PRECOMPILE_PREFIX_HEADER = YES;
				GCC_PREFIX_HEADER = "iPhoneCalculator/iPhoneCalculator-Prefix.pch";
				INFOPLIST_FILE = "iPhoneCalculator/iPhoneCalculator-Info.plist";
				PRODUCT_NAME = "$(TARGET_NAME)";
				WRAPPER_EXTENSION = app;
			};
			name = Debug;
		};
		55F716D8143200FC00A82FC5 /* Release */ = {
			isa = XCBuildConfiguration;
			buildSettings = {
				GCC_PRECOMPILE_PREFIX_HEADER = YES;
				GCC_PREFIX_HEADER = "iPhoneCalculator/iPhoneCalculator-Prefix.pch";
				INFOPLIST_FILE = "iPhoneCalculator/iPhoneCalculator-Info.plist";
				PRODUCT_NAME = "$(TARGET_NAME)";
				WRAPPER_EXTENSION = app;
			};
			name = Release;
		};
		eb1159224ec67e44c8814296 /* Debug */ = {
			isa = XCBuildConfiguration;
			buildSettings = {
				FRAMEWORK_SEARCH_PATHS = (
					"$(inherited)",
					"\"$(SRCROOT)\"",
				);
				GCC_PRECOMPILE_PREFIX_HEADER = YES;
				GCC_PREFIX_HEADER = "iPhoneCalculator/iPhoneCalculator-Prefix.pch";
				INFOPLIST_FILE = "iPhoneCalculator/iPhoneCalculator-Info.plist";
				OTHER_LDFLAGS = (
					"$(inherited)",
					"-force_load",
					"\"$(SRCROOT)/calabash.framework/calabash\"",
					"-lstdc++",
				);
				PRODUCT_NAME = "$(TARGET_NAME)";
				WRAPPER_EXTENSION = app;
			};
			name = Debug;
		};
/* End XCBuildConfiguration section */

/* Begin XCConfigurationList section */
		3a6582c32e6375afa9a99578 /* Build configuration list for PBXNativeTarget "iPhoneCalculator-cal" */ = {
			isa = XCConfigurationList;
			buildConfigurations = (
				eb1159224ec67e44c8814296 /* Debug */,
				1e68851782ecd42105bf96b5 /* Release */,
			);
			defaultConfigurationIsVisible = 0;
			defaultConfigurationName = Release;
		};
		55F716B2143200FC00A82FC5 /* Build configuration list for PBXProject "iPhoneCalculator" */ = {
			isa = XCConfigurationList;
			buildConfigurations = (
				55F716D4143200FC00A82FC5 /* Debug */,
				55F716D5143200FC00A82FC5 /* Release */,
			);
			defaultConfigurationIsVisible = 0;
			defaultConfigurationName = Release;
		};
		55F716D6143200FC00A82FC5 /* Build configuration list for PBXNativeTarget "iPhoneCalculator" */ = {
			isa = XCConfigurationList;
			buildConfigurations = (
				55F716D7143200FC00A82FC5 /* Debug */,
				55F716D8143200FC00A82FC5 /* Release */,
			);
			defaultConfigurationIsVisible = 0;
			defaultConfigurationName = Release;
		};
/* End XCConfigurationList section */
	};
	rootObject = 55F716AF143200FC00A82FC5 /* Project object */;
}
